
Microsoft Visual Studio Solution File, Format Version 12.00
# Visual Studio Version 17
VisualStudioVersion = 17.0.31612.314
MinimumVisualStudioVersion = 10.0.40219.1
Project("{9A19103F-16F7-4668-BE54-9A1E7A4F7556}") = "Projeto", "TestesUnitários\Projeto.csproj", "{A0670132-3B29-4B33-BF86-20AD476FF3C6}"
EndProject
Project("{9A19103F-16F7-4668-BE54-9A1E7A4F7556}") = "TestesUnitarios", "TestesUnitarios\TestesUnitarios.csproj", "{489D4D5F-38D9-428F-9974-229F05878A69}"
EndProject
Global
	GlobalSection(SolutionConfigurationPlatforms) = preSolution
		Debug|Any CPU = Debug|Any CPU
		Release|Any CPU = Release|Any CPU
	EndGlobalSection
	GlobalSection(ProjectConfigurationPlatforms) = postSolution
		{A0670132-3B29-4B33-BF86-20AD476FF3C6}.Debug|Any CPU.ActiveCfg = Debug|Any CPU
		{A0670132-3B29-4B33-BF86-20AD476FF3C6}.Debug|Any CPU.Build.0 = Debug|Any CPU
		{A0670132-3B29-4B33-BF86-20AD476FF3C6}.Release|Any CPU.ActiveCfg = Release|Any CPU
		{A0670132-3B29-4B33-BF86-20AD476FF3C6}.Release|Any CPU.Build.0 = Release|Any CPU
		{489D4D5F-38D9-428F-9974-229F05878A69}.Debug|Any CPU.ActiveCfg = Debug|Any CPU
		{489D4D5F-38D9-428F-9974-229F05878A69}.Debug|Any CPU.Build.0 = Debug|Any CPU
		{489D4D5F-38D9-428F-9974-229F05878A69}.Release|Any CPU.ActiveCfg = Release|Any CPU
		{489D4D5F-38D9-428F-9974-229F05878A69}.Release|Any CPU.Build.0 = Release|Any CPU
	EndGlobalSection
	GlobalSection(SolutionProperties) = preSolution
		HideSolutionNode = FALSE
	EndGlobalSection
	GlobalSection(ExtensibilityGlobals) = postSolution
		SolutionGuid = {2AB129D9-BF27-45D4-8D76-5C6ABFECC3A8}
	EndGlobalSection
EndGlobal
